
Microsoft Visual Studio Solution File, Format Version 12.00
# Visual Studio Version 17
VisualStudioVersion = 17.8.34322.80
MinimumVisualStudioVersion = 10.0.40219.1
Project("{9A19103F-16F7-4668-BE54-9A1E7A4F7556}") = "SharpTools", "SharpTools\SharpTools.csproj", "{69EFF93C-FFF8-404E-9841-7AC3453F21BB}"
EndProject
Project("{9A19103F-16F7-4668-BE54-9A1E7A4F7556}") = "SptlWebsite", "SptlWebsite\SptlWebsite.csproj", "{EBD61B61-B764-4B1D-9423-4E678DCEF3F6}"
EndProject
Project("{FAE04EC0-301F-11D3-BF4B-00C04F79EFBC}") = "SptlServices", "SptlServices\SptlServices.csproj", "{DF4AFBD4-4247-4931-80F4-AB56AE0DF639}"
EndProject
Global
	GlobalSection(SolutionConfigurationPlatforms) = preSolution
		Debug|Any CPU = Debug|Any CPU
		Release|Any CPU = Release|Any CPU
	EndGlobalSection
	GlobalSection(ProjectConfigurationPlatforms) = postSolution
		{69EFF93C-FFF8-404E-9841-7AC3453F21BB}.Debug|Any CPU.ActiveCfg = Debug|Any CPU
		{69EFF93C-FFF8-404E-9841-7AC3453F21BB}.Debug|Any CPU.Build.0 = Debug|Any CPU
		{69EFF93C-FFF8-404E-9841-7AC3453F21BB}.Release|Any CPU.ActiveCfg = Release|Any CPU
		{69EFF93C-FFF8-404E-9841-7AC3453F21BB}.Release|Any CPU.Build.0 = Release|Any CPU
		{EBD61B61-B764-4B1D-9423-4E678DCEF3F6}.Debug|Any CPU.ActiveCfg = Debug|Any CPU
		{EBD61B61-B764-4B1D-9423-4E678DCEF3F6}.Debug|Any CPU.Build.0 = Debug|Any CPU
		{EBD61B61-B764-4B1D-9423-4E678DCEF3F6}.Release|Any CPU.ActiveCfg = Release|Any CPU
		{EBD61B61-B764-4B1D-9423-4E678DCEF3F6}.Release|Any CPU.Build.0 = Release|Any CPU
		{DF4AFBD4-4247-4931-80F4-AB56AE0DF639}.Debug|Any CPU.ActiveCfg = Debug|Any CPU
		{DF4AFBD4-4247-4931-80F4-AB56AE0DF639}.Debug|Any CPU.Build.0 = Debug|Any CPU
		{DF4AFBD4-4247-4931-80F4-AB56AE0DF639}.Release|Any CPU.ActiveCfg = Release|Any CPU
		{DF4AFBD4-4247-4931-80F4-AB56AE0DF639}.Release|Any CPU.Build.0 = Release|Any CPU
	EndGlobalSection
	GlobalSection(SolutionProperties) = preSolution
		HideSolutionNode = FALSE
	EndGlobalSection
	GlobalSection(ExtensibilityGlobals) = postSolution
		SolutionGuid = {888134FA-61CC-4D31-8E4D-A59DF2D42945}
	EndGlobalSection
EndGlobal
